<?xml version="1.0" encoding="utf-8"?>
<Project ToolsVersion="4.0" xmlns:atg="http://atg.xbox.com" xmlns="http://schemas.microsoft.com/developer/msbuild/2003">
  <ItemGroup>
    <Filter Include="Resource Files">
      <UniqueIdentifier>{8e114980-c1a3-4ada-ad7c-83caadf5daeb}</UniqueIdentifier>
      <Extensions>rc;ico;cur;bmp;dlg;rc2;rct;bin;rgs;gif;jpg;jpeg;jpe</Extensions>
    </Filter>
    <Filter Include="DXUT">
      <UniqueIdentifier>{a43c5c25-0e86-4a20-b64a-883785ff74fd}</UniqueIdentifier>
    </Filter>
    <Filter Include="Shaders">
      <UniqueIdentifier>{2c3d4c8c-5d1a-459a-a05a-a4e4b608a44e}</UniqueIdentifier>
      <Extensions>fx;fxh;hlsl</Extensions>
    </Filter>
    <Filter Include="Game">
      <UniqueIdentifier>{41f1266e-c118-451f-b95a-a3e56bbc88de}</UniqueIdentifier>
    </Filter>
    <Filter Include="AssetManager">
      <UniqueIdentifier>{f3714029-09ec-48de-a9b8-bcd985be795c}</UniqueIdentifier>
    </Filter>
    <Filter Include="Scene">
      <UniqueIdentifier>{ba44786f-9d09-4cc0-9a8c-ea6337ac2226}</UniqueIdentifier>
    </Filter>
    <Filter Include="Scene\EndingScene">
      <UniqueIdentifier>{8663a898-ae3a-45e8-a6b7-133799fccba8}</UniqueIdentifier>
    </Filter>
    <Filter Include="Scene\TitleScene">
      <UniqueIdentifier>{6bfed433-d2d4-4556-bf57-588d3b71ad83}</UniqueIdentifier>
    </Filter>
    <Filter Include="Scene\GameScene">
      <UniqueIdentifier>{f8f7376b-8a9f-477b-bf21-3ad02647410e}</UniqueIdentifier>
    </Filter>
  </ItemGroup>
  <ItemGroup>
    <None Include="DXUT\Optional\directx.ico">
      <Filter>Resource Files</Filter>
    </None>
    <ClInclude Include="DXUT\Core\DXUT.h">
      <Filter>DXUT</Filter>
    </ClInclude>
    <ClInclude Include="DXUT\Core\DXUTenum.h">
      <Filter>DXUT</Filter>
    </ClInclude>
    <ClInclude Include="DXUT\Core\DXUTmisc.h">
      <Filter>DXUT</Filter>
    </ClInclude>
    <ClCompile Include="DXUT\Core\DXUT.cpp">
      <Filter>DXUT</Filter>
    </ClCompile>
    <ClCompile Include="DXUT\Core\DXUTenum.cpp">
      <Filter>DXUT</Filter>
    </ClCompile>
    <ClCompile Include="DXUT\Core\DXUTmisc.cpp">
      <Filter>DXUT</Filter>
    </ClCompile>
    <ClInclude Include="DXUT\Optional\DXUTcamera.h">
      <Filter>DXUT</Filter>
    </ClInclude>
    <ClInclude Include="DXUT\Optional\DXUTgui.h">
      <Filter>DXUT</Filter>
    </ClInclude>
    <ClInclude Include="DXUT\Optional\DXUTres.h">
      <Filter>DXUT</Filter>
    </ClInclude>
    <ClInclude Include="DXUT\Optional\DXUTsettingsdlg.h">
      <Filter>DXUT</Filter>
    </ClInclude>
    <ClInclude Include="DXUT\Optional\SDKmesh.h">
      <Filter>DXUT</Filter>
    </ClInclude>
    <ClInclude Include="DXUT\Optional\SDKmisc.h">
      <Filter>DXUT</Filter>
    </ClInclude>
    <ClCompile Include="DXUT\Optional\DXUTcamera.cpp">
      <Filter>DXUT</Filter>
    </ClCompile>
    <ClCompile Include="DXUT\Optional\DXUTgui.cpp">
      <Filter>DXUT</Filter>
    </ClCompile>
    <ClCompile Include="DXUT\Optional\DXUTres.cpp">
      <Filter>DXUT</Filter>
    </ClCompile>
    <ClCompile Include="DXUT\Optional\DXUTsettingsdlg.cpp">
      <Filter>DXUT</Filter>
    </ClCompile>
    <ClCompile Include="DXUT\Optional\SDKmesh.cpp">
      <Filter>DXUT</Filter>
    </ClCompile>
    <ClCompile Include="DXUT\Optional\SDKmisc.cpp">
      <Filter>DXUT</Filter>
    </ClCompile>
  </ItemGroup>
  <ItemGroup>
    <ClCompile Include="EmptyProject5.cpp" />
    <ClCompile Include="AssetManager.cpp">
      <Filter>AssetManager</Filter>
    </ClCompile>
    <ClCompile Include="CEndingScene.cpp">
      <Filter>Scene\EndingScene</Filter>
    </ClCompile>
    <ClCompile Include="CGameScene.cpp">
      <Filter>Scene\GameScene</Filter>
    </ClCompile>
    <ClCompile Include="CMatrix.cpp">
      <Filter>Game</Filter>
    </ClCompile>
    <ClCompile Include="CTextrue.cpp">
      <Filter>Game</Filter>
    </ClCompile>
    <ClCompile Include="CTitleScene.cpp">
      <Filter>Scene\TitleScene</Filter>
    </ClCompile>
    <ClCompile Include="Game.cpp">
      <Filter>Game</Filter>
    </ClCompile>
    <ClCompile Include="CScene.cpp">
      <Filter>Scene</Filter>
    </ClCompile>
  </ItemGroup>
  <ItemGroup>
    <ClInclude Include="Header.h" />
    <ClInclude Include="AssetManager.h">
      <Filter>AssetManager</Filter>
    </ClInclude>
    <ClInclude Include="CEndingScene.h">
      <Filter>Scene\EndingScene</Filter>
    </ClInclude>
    <ClInclude Include="CGameScene.h">
      <Filter>Scene\GameScene</Filter>
    </ClInclude>
    <ClInclude Include="CMatrix.h">
      <Filter>Game</Filter>
    </ClInclude>
    <ClInclude Include="CTextrue.h">
      <Filter>Game</Filter>
    </ClInclude>
    <ClInclude Include="CTitleScene.h">
      <Filter>Scene\TitleScene</Filter>
    </ClInclude>
    <ClInclude Include="Game.h">
      <Filter>Game</Filter>
    </ClInclude>
    <ClInclude Include="CScene.h">
      <Filter>Scene</Filter>
    </ClInclude>
  </ItemGroup>
  <ItemGroup>
    <CLInclude Include="resource.h">
      <Filter>Resource Files</Filter>
    </CLInclude>
    <ResourceCompile Include="EmptyProject5.rc">
      <Filter>Resource Files</Filter>
    </ResourceCompile>
  </ItemGroup>
  <ItemGroup>
  </ItemGroup>
</Project>